// !$*UTF8*$!
{
	archiveVersion = 1;
	classes = {
	};
	objectVersion = 56;
	objects = {

/* Begin PBXBuildFile section */
		11C9C3CC2E41C54F00D5C7EF /* FireTowerApp.swift in Sources */ = {isa = PBXBuildFile; fileRef = 11C9C3CB2E41C54F00D5C7EF /* FireTowerApp.swift */; };
		11C9C3CE2E41C54F00D5C7EF /* ContentView.swift in Sources */ = {isa = PBXBuildFile; fileRef = 11C9C3CD2E41C54F00D5C7EF /* ContentView.swift */; };
		11C9C3D02E41C55100D5C7EF /* Assets.xcassets in Resources */ = {isa = PBXBuildFile; fileRef = 11C9C3CF2E41C55100D5C7EF /* Assets.xcassets */; };
		11C9C3D32E41C55100D5C7EF /* Preview Assets.xcassets in Resources */ = {isa = PBXBuildFile; fileRef = 11C9C3D22E41C55100D5C7EF /* Preview Assets.xcassets */; };
		11C9C3DD2E41C55100D5C7EF /* FireTowerTests.swift in Sources */ = {isa = PBXBuildFile; fileRef = 11C9C3DC2E41C55100D5C7EF /* FireTowerTests.swift */; };
		11C9C3E72E41C55100D5C7EF /* FireTowerUITests.swift in Sources */ = {isa = PBXBuildFile; fileRef = 11C9C3E62E41C55100D5C7EF /* FireTowerUITests.swift */; };
		11C9C3E92E41C55100D5C7EF /* FireTowerUITestsLaunchTests.swift in Sources */ = {isa = PBXBuildFile; fileRef = 11C9C3E82E41C55100D5C7EF /* FireTowerUITestsLaunchTests.swift */; };
		11C9C4012E41C89700D5C7EF /* Theme.swift in Sources */ = {isa = PBXBuildFile; fileRef = 11C9C4002E41C89700D5C7EF /* Theme.swift */; };
		11C9C4052E41CAD900D5C7EF /* ObservationSet.swift in Sources */ = {isa = PBXBuildFile; fileRef = 11C9C4042E41CAD900D5C7EF /* ObservationSet.swift */; };
		11C9C4072E41CB2200D5C7EF /* Observation.swift in Sources */ = {isa = PBXBuildFile; fileRef = 11C9C4062E41CB2200D5C7EF /* Observation.swift */; };
		11C9C4092E41CCAC00D5C7EF /* ObservationStore.swift in Sources */ = {isa = PBXBuildFile; fileRef = 11C9C4082E41CCAC00D5C7EF /* ObservationStore.swift */; };
		11C9C40B2E41CDBD00D5C7EF /* ObservationSetListView.swift in Sources */ = {isa = PBXBuildFile; fileRef = 11C9C40A2E41CDBD00D5C7EF /* ObservationSetListView.swift */; };
		11C9C40E2E41D09B00D5C7EF /* LocationManager.swift in Sources */ = {isa = PBXBuildFile; fileRef = 11C9C40D2E41D09B00D5C7EF /* LocationManager.swift */; };
		11C9C4122E41D0CF00D5C7EF /* PermissionPromptView.swift in Sources */ = {isa = PBXBuildFile; fileRef = 11C9C4112E41D0CF00D5C7EF /* PermissionPromptView.swift */; };
		11C9C4142E41D11900D5C7EF /* LocationManager+Preview.swift in Sources */ = {isa = PBXBuildFile; fileRef = 11C9C4132E41D11900D5C7EF /* LocationManager+Preview.swift */; };
		11C9C4162E41D29100D5C7EF /* Info.plist in Resources */ = {isa = PBXBuildFile; fileRef = 11C9C4152E41D29100D5C7EF /* Info.plist */; };
/* End PBXBuildFile section */

/* Begin PBXContainerItemProxy section */
		11C9C3D92E41C55100D5C7EF /* PBXContainerItemProxy */ = {
			isa = PBXContainerItemProxy;
			containerPortal = 11C9C3C02E41C54F00D5C7EF /* Project object */;
			proxyType = 1;
			remoteGlobalIDString = 11C9C3C72E41C54F00D5C7EF;
			remoteInfo = FireTower;
		};
		11C9C3E32E41C55100D5C7EF /* PBXContainerItemProxy */ = {
			isa = PBXContainerItemProxy;
			containerPortal = 11C9C3C02E41C54F00D5C7EF /* Project object */;
			proxyType = 1;
			remoteGlobalIDString = 11C9C3C72E41C54F00D5C7EF;
			remoteInfo = FireTower;
		};
/* End PBXContainerItemProxy section */

/* Begin PBXFileReference section */
		11C9C3C82E41C54F00D5C7EF /* FireTower.app */ = {isa = PBXFileReference; explicitFileType = wrapper.application; includeInIndex = 0; path = FireTower.app; sourceTree = BUILT_PRODUCTS_DIR; };
		11C9C3CB2E41C54F00D5C7EF /* FireTowerApp.swift */ = {isa = PBXFileReference; lastKnownFileType = sourcecode.swift; path = FireTowerApp.swift; sourceTree = "<group>"; };
		11C9C3CD2E41C54F00D5C7EF /* ContentView.swift */ = {isa = PBXFileReference; lastKnownFileType = sourcecode.swift; path = ContentView.swift; sourceTree = "<group>"; };
		11C9C3CF2E41C55100D5C7EF /* Assets.xcassets */ = {isa = PBXFileReference; lastKnownFileType = folder.assetcatalog; path = Assets.xcassets; sourceTree = "<group>"; };
		11C9C3D22E41C55100D5C7EF /* Preview Assets.xcassets */ = {isa = PBXFileReference; lastKnownFileType = folder.assetcatalog; path = "Preview Assets.xcassets"; sourceTree = "<group>"; };
		11C9C3D82E41C55100D5C7EF /* FireTowerTests.xctest */ = {isa = PBXFileReference; explicitFileType = wrapper.cfbundle; includeInIndex = 0; path = FireTowerTests.xctest; sourceTree = BUILT_PRODUCTS_DIR; };
		11C9C3DC2E41C55100D5C7EF /* FireTowerTests.swift */ = {isa = PBXFileReference; lastKnownFileType = sourcecode.swift; path = FireTowerTests.swift; sourceTree = "<group>"; };
		11C9C3E22E41C55100D5C7EF /* FireTowerUITests.xctest */ = {isa = PBXFileReference; explicitFileType = wrapper.cfbundle; includeInIndex = 0; path = FireTowerUITests.xctest; sourceTree = BUILT_PRODUCTS_DIR; };
		11C9C3E62E41C55100D5C7EF /* FireTowerUITests.swift */ = {isa = PBXFileReference; lastKnownFileType = sourcecode.swift; path = FireTowerUITests.swift; sourceTree = "<group>"; };
		11C9C3E82E41C55100D5C7EF /* FireTowerUITestsLaunchTests.swift */ = {isa = PBXFileReference; lastKnownFileType = sourcecode.swift; path = FireTowerUITestsLaunchTests.swift; sourceTree = "<group>"; };
		11C9C3F62E41C57C00D5C7EF /* project_requirements.md */ = {isa = PBXFileReference; lastKnownFileType = net.daringfireball.markdown; path = project_requirements.md; sourceTree = "<group>"; };
		11C9C3F72E41C5C700D5C7EF /* feature_list.md */ = {isa = PBXFileReference; lastKnownFileType = net.daringfireball.markdown; path = feature_list.md; sourceTree = "<group>"; };
		11C9C3F82E41C60400D5C7EF /* TODO.md */ = {isa = PBXFileReference; lastKnownFileType = net.daringfireball.markdown; path = TODO.md; sourceTree = "<group>"; };
		11C9C3F92E41C63D00D5C7EF /* data_model_and_component_planning.md */ = {isa = PBXFileReference; lastKnownFileType = net.daringfireball.markdown; path = data_model_and_component_planning.md; sourceTree = "<group>"; };
		11C9C3FA2E41C66D00D5C7EF /* wireframes.md */ = {isa = PBXFileReference; lastKnownFileType = net.daringfireball.markdown; path = wireframes.md; sourceTree = "<group>"; };
		11C9C4002E41C89700D5C7EF /* Theme.swift */ = {isa = PBXFileReference; lastKnownFileType = sourcecode.swift; path = Theme.swift; sourceTree = "<group>"; };
		11C9C4042E41CAD900D5C7EF /* ObservationSet.swift */ = {isa = PBXFileReference; lastKnownFileType = sourcecode.swift; path = ObservationSet.swift; sourceTree = "<group>"; };
		11C9C4062E41CB2200D5C7EF /* Observation.swift */ = {isa = PBXFileReference; lastKnownFileType = sourcecode.swift; path = Observation.swift; sourceTree = "<group>"; };
		11C9C4082E41CCAC00D5C7EF /* ObservationStore.swift */ = {isa = PBXFileReference; lastKnownFileType = sourcecode.swift; path = ObservationStore.swift; sourceTree = "<group>"; };
		11C9C40A2E41CDBD00D5C7EF /* ObservationSetListView.swift */ = {isa = PBXFileReference; lastKnownFileType = sourcecode.swift; path = ObservationSetListView.swift; sourceTree = "<group>"; };
		11C9C40D2E41D09B00D5C7EF /* LocationManager.swift */ = {isa = PBXFileReference; lastKnownFileType = sourcecode.swift; path = LocationManager.swift; sourceTree = "<group>"; };
		11C9C4112E41D0CF00D5C7EF /* PermissionPromptView.swift */ = {isa = PBXFileReference; lastKnownFileType = sourcecode.swift; path = PermissionPromptView.swift; sourceTree = "<group>"; };
		11C9C4132E41D11900D5C7EF /* LocationManager+Preview.swift */ = {isa = PBXFileReference; lastKnownFileType = sourcecode.swift; path = "LocationManager+Preview.swift"; sourceTree = "<group>"; };
		11C9C4152E41D29100D5C7EF /* Info.plist */ = {isa = PBXFileReference; lastKnownFileType = text.plist.xml; path = Info.plist; sourceTree = "<group>"; };
/* End PBXFileReference section */

/* Begin PBXFrameworksBuildPhase section */
		11C9C3C52E41C54F00D5C7EF /* Frameworks */ = {
			isa = PBXFrameworksBuildPhase;
			buildActionMask = 2147483647;
			files = (
			);
			runOnlyForDeploymentPostprocessing = 0;
		};
		11C9C3D52E41C55100D5C7EF /* Frameworks */ = {
			isa = PBXFrameworksBuildPhase;
			buildActionMask = 2147483647;
			files = (
			);
			runOnlyForDeploymentPostprocessing = 0;
		};
		11C9C3DF2E41C55100D5C7EF /* Frameworks */ = {
			isa = PBXFrameworksBuildPhase;
			buildActionMask = 2147483647;
			files = (
			);
			runOnlyForDeploymentPostprocessing = 0;
		};
/* End PBXFrameworksBuildPhase section */

/* Begin PBXGroup section */
		11C9C3BF2E41C54F00D5C7EF = {
			isa = PBXGroup;
			children = (
				11C9C3F52E41C56900D5C7EF /* docs */,
				11C9C3CA2E41C54F00D5C7EF /* FireTower */,
				11C9C3DB2E41C55100D5C7EF /* FireTowerTests */,
				11C9C3E52E41C55100D5C7EF /* FireTowerUITests */,
				11C9C4152E41D29100D5C7EF /* Info.plist */,
				11C9C3C92E41C54F00D5C7EF /* Products */,
			);
			sourceTree = "<group>";
		};
		11C9C3C92E41C54F00D5C7EF /* Products */ = {
			isa = PBXGroup;
			children = (
				11C9C3C82E41C54F00D5C7EF /* FireTower.app */,
				11C9C3D82E41C55100D5C7EF /* FireTowerTests.xctest */,
				11C9C3E22E41C55100D5C7EF /* FireTowerUITests.xctest */,
			);
			name = Products;
			sourceTree = "<group>";
		};
		11C9C3CA2E41C54F00D5C7EF /* FireTower */ = {
			isa = PBXGroup;
			children = (
				11C9C3CF2E41C55100D5C7EF /* Assets.xcassets */,
				11C9C3CD2E41C54F00D5C7EF /* ContentView.swift */,
				11C9C3CB2E41C54F00D5C7EF /* FireTowerApp.swift */,
				11C9C40C2E41D08A00D5C7EF /* Managers */,
				11C9C3FC2E41C79F00D5C7EF /* Models */,
				11C9C3D12E41C55100D5C7EF /* Preview Content */,
				11C9C3FE2E41C81600D5C7EF /* Resources */,
				11C9C3FD2E41C81100D5C7EF /* Stores */,
				11C9C4002E41C89700D5C7EF /* Theme.swift */,
				11C9C3FF2E41C82100D5C7EF /* Utilities */,
				11C9C3FB2E41C78C00D5C7EF /* Views */,
			);
			path = FireTower;
			sourceTree = "<group>";
		};
		11C9C3D12E41C55100D5C7EF /* Preview Content */ = {
			isa = PBXGroup;
			children = (
				11C9C3D22E41C55100D5C7EF /* Preview Assets.xcassets */,
			);
			path = "Preview Content";
			sourceTree = "<group>";
		};
		11C9C3DB2E41C55100D5C7EF /* FireTowerTests */ = {
			isa = PBXGroup;
			children = (
				11C9C3DC2E41C55100D5C7EF /* FireTowerTests.swift */,
			);
			path = FireTowerTests;
			sourceTree = "<group>";
		};
		11C9C3E52E41C55100D5C7EF /* FireTowerUITests */ = {
			isa = PBXGroup;
			children = (
				11C9C3E62E41C55100D5C7EF /* FireTowerUITests.swift */,
				11C9C3E82E41C55100D5C7EF /* FireTowerUITestsLaunchTests.swift */,
			);
			path = FireTowerUITests;
			sourceTree = "<group>";
		};
		11C9C3F52E41C56900D5C7EF /* docs */ = {
			isa = PBXGroup;
			children = (
				11C9C3F92E41C63D00D5C7EF /* data_model_and_component_planning.md */,
				11C9C3F72E41C5C700D5C7EF /* feature_list.md */,
				11C9C3F62E41C57C00D5C7EF /* project_requirements.md */,
				11C9C3F82E41C60400D5C7EF /* TODO.md */,
				11C9C3FA2E41C66D00D5C7EF /* wireframes.md */,
			);
			path = docs;
			sourceTree = "<group>";
		};
		11C9C3FB2E41C78C00D5C7EF /* Views */ = {
			isa = PBXGroup;
			children = (
				11C9C4102E41D0C000D5C7EF /* Permissions */,
				11C9C40A2E41CDBD00D5C7EF /* ObservationSetListView.swift */,
			);
			path = Views;
			sourceTree = "<group>";
		};
		11C9C3FC2E41C79F00D5C7EF /* Models */ = {
			isa = PBXGroup;
			children = (
				11C9C4062E41CB2200D5C7EF /* Observation.swift */,
				11C9C4042E41CAD900D5C7EF /* ObservationSet.swift */,
			);
			path = Models;
			sourceTree = "<group>";
		};
		11C9C3FD2E41C81100D5C7EF /* Stores */ = {
			isa = PBXGroup;
			children = (
				11C9C4082E41CCAC00D5C7EF /* ObservationStore.swift */,
			);
			path = Stores;
			sourceTree = "<group>";
		};
		11C9C3FE2E41C81600D5C7EF /* Resources */ = {
			isa = PBXGroup;
			children = (
			);
			path = Resources;
			sourceTree = "<group>";
		};
		11C9C3FF2E41C82100D5C7EF /* Utilities */ = {
			isa = PBXGroup;
			children = (
			);
			path = Utilities;
			sourceTree = "<group>";
		};
		11C9C40C2E41D08A00D5C7EF /* Managers */ = {
			isa = PBXGroup;
			children = (
				11C9C40D2E41D09B00D5C7EF /* LocationManager.swift */,
				11C9C4132E41D11900D5C7EF /* LocationManager+Preview.swift */,
			);
			path = Managers;
			sourceTree = "<group>";
		};
		11C9C4102E41D0C000D5C7EF /* Permissions */ = {
			isa = PBXGroup;
			children = (
				11C9C4112E41D0CF00D5C7EF /* PermissionPromptView.swift */,
			);
			path = Permissions;
			sourceTree = "<group>";
		};
/* End PBXGroup section */

/* Begin PBXNativeTarget section */
		11C9C3C72E41C54F00D5C7EF /* FireTower */ = {
			isa = PBXNativeTarget;
			buildConfigurationList = 11C9C3EC2E41C55100D5C7EF /* Build configuration list for PBXNativeTarget "FireTower" */;
			buildPhases = (
				11C9C3C42E41C54F00D5C7EF /* Sources */,
				11C9C3C52E41C54F00D5C7EF /* Frameworks */,
				11C9C3C62E41C54F00D5C7EF /* Resources */,
			);
			buildRules = (
			);
			dependencies = (
			);
			name = FireTower;
			productName = FireTower;
			productReference = 11C9C3C82E41C54F00D5C7EF /* FireTower.app */;
			productType = "com.apple.product-type.application";
		};
		11C9C3D72E41C55100D5C7EF /* FireTowerTests */ = {
			isa = PBXNativeTarget;
			buildConfigurationList = 11C9C3EF2E41C55100D5C7EF /* Build configuration list for PBXNativeTarget "FireTowerTests" */;
			buildPhases = (
				11C9C3D42E41C55100D5C7EF /* Sources */,
				11C9C3D52E41C55100D5C7EF /* Frameworks */,
				11C9C3D62E41C55100D5C7EF /* Resources */,
			);
			buildRules = (
			);
			dependencies = (
				11C9C3DA2E41C55100D5C7EF /* PBXTargetDependency */,
			);
			name = FireTowerTests;
			productName = FireTowerTests;
			productReference = 11C9C3D82E41C55100D5C7EF /* FireTowerTests.xctest */;
			productType = "com.apple.product-type.bundle.unit-test";
		};
		11C9C3E12E41C55100D5C7EF /* FireTowerUITests */ = {
			isa = PBXNativeTarget;
			buildConfigurationList = 11C9C3F22E41C55100D5C7EF /* Build configuration list for PBXNativeTarget "FireTowerUITests" */;
			buildPhases = (
				11C9C3DE2E41C55100D5C7EF /* Sources */,
				11C9C3DF2E41C55100D5C7EF /* Frameworks */,
				11C9C3E02E41C55100D5C7EF /* Resources */,
			);
			buildRules = (
			);
			dependencies = (
				11C9C3E42E41C55100D5C7EF /* PBXTargetDependency */,
			);
			name = FireTowerUITests;
			productName = FireTowerUITests;
			productReference = 11C9C3E22E41C55100D5C7EF /* FireTowerUITests.xctest */;
			productType = "com.apple.product-type.bundle.ui-testing";
		};
/* End PBXNativeTarget section */

/* Begin PBXProject section */
		11C9C3C02E41C54F00D5C7EF /* Project object */ = {
			isa = PBXProject;
			attributes = {
				BuildIndependentTargetsInParallel = 1;
				LastSwiftUpdateCheck = 1540;
				LastUpgradeCheck = 1540;
				TargetAttributes = {
					11C9C3C72E41C54F00D5C7EF = {
						CreatedOnToolsVersion = 15.4;
					};
					11C9C3D72E41C55100D5C7EF = {
						CreatedOnToolsVersion = 15.4;
						TestTargetID = 11C9C3C72E41C54F00D5C7EF;
					};
					11C9C3E12E41C55100D5C7EF = {
						CreatedOnToolsVersion = 15.4;
						TestTargetID = 11C9C3C72E41C54F00D5C7EF;
					};
				};
			};
			buildConfigurationList = 11C9C3C32E41C54F00D5C7EF /* Build configuration list for PBXProject "FireTower" */;
			compatibilityVersion = "Xcode 14.0";
			developmentRegion = en;
			hasScannedForEncodings = 0;
			knownRegions = (
				en,
				Base,
			);
			mainGroup = 11C9C3BF2E41C54F00D5C7EF;
			productRefGroup = 11C9C3C92E41C54F00D5C7EF /* Products */;
			projectDirPath = "";
			projectRoot = "";
			targets = (
				11C9C3C72E41C54F00D5C7EF /* FireTower */,
				11C9C3D72E41C55100D5C7EF /* FireTowerTests */,
				11C9C3E12E41C55100D5C7EF /* FireTowerUITests */,
			);
		};
/* End PBXProject section */

/* Begin PBXResourcesBuildPhase section */
		11C9C3C62E41C54F00D5C7EF /* Resources */ = {
			isa = PBXResourcesBuildPhase;
			buildActionMask = 2147483647;
			files = (
				11C9C3D32E41C55100D5C7EF /* Preview Assets.xcassets in Resources */,
				11C9C3D02E41C55100D5C7EF /* Assets.xcassets in Resources */,
				11C9C4162E41D29100D5C7EF /* Info.plist in Resources */,
			);
			runOnlyForDeploymentPostprocessing = 0;
		};
		11C9C3D62E41C55100D5C7EF /* Resources */ = {
			isa = PBXResourcesBuildPhase;
			buildActionMask = 2147483647;
			files = (
			);
			runOnlyForDeploymentPostprocessing = 0;
		};
		11C9C3E02E41C55100D5C7EF /* Resources */ = {
			isa = PBXResourcesBuildPhase;
			buildActionMask = 2147483647;
			files = (
			);
			runOnlyForDeploymentPostprocessing = 0;
		};
/* End PBXResourcesBuildPhase section */

/* Begin PBXSourcesBuildPhase section */
		11C9C3C42E41C54F00D5C7EF /* Sources */ = {
			isa = PBXSourcesBuildPhase;
			buildActionMask = 2147483647;
			files = (
				11C9C4012E41C89700D5C7EF /* Theme.swift in Sources */,
				11C9C3CE2E41C54F00D5C7EF /* ContentView.swift in Sources */,
				11C9C3CC2E41C54F00D5C7EF /* FireTowerApp.swift in Sources */,
				11C9C4142E41D11900D5C7EF /* LocationManager+Preview.swift in Sources */,
				11C9C40B2E41CDBD00D5C7EF /* ObservationSetListView.swift in Sources */,
				11C9C40E2E41D09B00D5C7EF /* LocationManager.swift in Sources */,
				11C9C4052E41CAD900D5C7EF /* ObservationSet.swift in Sources */,
				11C9C4092E41CCAC00D5C7EF /* ObservationStore.swift in Sources */,
				11C9C4072E41CB2200D5C7EF /* Observation.swift in Sources */,
				11C9C4122E41D0CF00D5C7EF /* PermissionPromptView.swift in Sources */,
			);
			runOnlyForDeploymentPostprocessing = 0;
		};
		11C9C3D42E41C55100D5C7EF /* Sources */ = {
			isa = PBXSourcesBuildPhase;
			buildActionMask = 2147483647;
			files = (
				11C9C3DD2E41C55100D5C7EF /* FireTowerTests.swift in Sources */,
			);
			runOnlyForDeploymentPostprocessing = 0;
		};
		11C9C3DE2E41C55100D5C7EF /* Sources */ = {
			isa = PBXSourcesBuildPhase;
			buildActionMask = 2147483647;
			files = (
				11C9C3E92E41C55100D5C7EF /* FireTowerUITestsLaunchTests.swift in Sources */,
				11C9C3E72E41C55100D5C7EF /* FireTowerUITests.swift in Sources */,
			);
			runOnlyForDeploymentPostprocessing = 0;
		};
/* End PBXSourcesBuildPhase section */

/* Begin PBXTargetDependency section */
		11C9C3DA2E41C55100D5C7EF /* PBXTargetDependency */ = {
			isa = PBXTargetDependency;
			target = 11C9C3C72E41C54F00D5C7EF /* FireTower */;
			targetProxy = 11C9C3D92E41C55100D5C7EF /* PBXContainerItemProxy */;
		};
		11C9C3E42E41C55100D5C7EF /* PBXTargetDependency */ = {
			isa = PBXTargetDependency;
			target = 11C9C3C72E41C54F00D5C7EF /* FireTower */;
			targetProxy = 11C9C3E32E41C55100D5C7EF /* PBXContainerItemProxy */;
		};
/* End PBXTargetDependency section */

/* Begin XCBuildConfiguration section */
		11C9C3EA2E41C55100D5C7EF /* Debug */ = {
			isa = XCBuildConfiguration;
			buildSettings = {
				ALWAYS_SEARCH_USER_PATHS = NO;
				ASSETCATALOG_COMPILER_GENERATE_SWIFT_ASSET_SYMBOL_EXTENSIONS = YES;
				CLANG_ANALYZER_NONNULL = YES;
				CLANG_ANALYZER_NUMBER_OBJECT_CONVERSION = YES_AGGRESSIVE;
				CLANG_CXX_LANGUAGE_STANDARD = "gnu++20";
				CLANG_ENABLE_MODULES = YES;
				CLANG_ENABLE_OBJC_ARC = YES;
				CLANG_ENABLE_OBJC_WEAK = YES;
				CLANG_WARN_BLOCK_CAPTURE_AUTORELEASING = YES;
				CLANG_WARN_BOOL_CONVERSION = YES;
				CLANG_WARN_COMMA = YES;
				CLANG_WARN_CONSTANT_CONVERSION = YES;
				CLANG_WARN_DEPRECATED_OBJC_IMPLEMENTATIONS = YES;
				CLANG_WARN_DIRECT_OBJC_ISA_USAGE = YES_ERROR;
				CLANG_WARN_DOCUMENTATION_COMMENTS = YES;
				CLANG_WARN_EMPTY_BODY = YES;
				CLANG_WARN_ENUM_CONVERSION = YES;
				CLANG_WARN_INFINITE_RECURSION = YES;
				CLANG_WARN_INT_CONVERSION = YES;
				CLANG_WARN_NON_LITERAL_NULL_CONVERSION = YES;
				CLANG_WARN_OBJC_IMPLICIT_RETAIN_SELF = YES;
				CLANG_WARN_OBJC_LITERAL_CONVERSION = YES;
				CLANG_WARN_OBJC_ROOT_CLASS = YES_ERROR;
				CLANG_WARN_QUOTED_INCLUDE_IN_FRAMEWORK_HEADER = YES;
				CLANG_WARN_RANGE_LOOP_ANALYSIS = YES;
				CLANG_WARN_STRICT_PROTOTYPES = YES;
				CLANG_WARN_SUSPICIOUS_MOVE = YES;
				CLANG_WARN_UNGUARDED_AVAILABILITY = YES_AGGRESSIVE;
				CLANG_WARN_UNREACHABLE_CODE = YES;
				CLANG_WARN__DUPLICATE_METHOD_MATCH = YES;
				COPY_PHASE_STRIP = NO;
				DEBUG_INFORMATION_FORMAT = dwarf;
				ENABLE_STRICT_OBJC_MSGSEND = YES;
				ENABLE_TESTABILITY = YES;
				ENABLE_USER_SCRIPT_SANDBOXING = YES;
				GCC_C_LANGUAGE_STANDARD = gnu17;
				GCC_DYNAMIC_NO_PIC = NO;
				GCC_NO_COMMON_BLOCKS = YES;
				GCC_OPTIMIZATION_LEVEL = 0;
				GCC_PREPROCESSOR_DEFINITIONS = (
					"DEBUG=1",
					"$(inherited)",
				);
				GCC_WARN_64_TO_32_BIT_CONVERSION = YES;
				GCC_WARN_ABOUT_RETURN_TYPE = YES_ERROR;
				GCC_WARN_UNDECLARED_SELECTOR = YES;
				GCC_WARN_UNINITIALIZED_AUTOS = YES_AGGRESSIVE;
				GCC_WARN_UNUSED_FUNCTION = YES;
				GCC_WARN_UNUSED_VARIABLE = YES;
				IPHONEOS_DEPLOYMENT_TARGET = 17.5;
				LOCALIZATION_PREFERS_STRING_CATALOGS = YES;
				MTL_ENABLE_DEBUG_INFO = INCLUDE_SOURCE;
				MTL_FAST_MATH = YES;
				ONLY_ACTIVE_ARCH = YES;
				SDKROOT = iphoneos;
				SWIFT_ACTIVE_COMPILATION_CONDITIONS = "DEBUG $(inherited)";
				SWIFT_OPTIMIZATION_LEVEL = "-Onone";
			};
			name = Debug;
		};
		11C9C3EB2E41C55100D5C7EF /* Release */ = {
			isa = XCBuildConfiguration;
			buildSettings = {
				ALWAYS_SEARCH_USER_PATHS = NO;
				ASSETCATALOG_COMPILER_GENERATE_SWIFT_ASSET_SYMBOL_EXTENSIONS = YES;
				CLANG_ANALYZER_NONNULL = YES;
				CLANG_ANALYZER_NUMBER_OBJECT_CONVERSION = YES_AGGRESSIVE;
				CLANG_CXX_LANGUAGE_STANDARD = "gnu++20";
				CLANG_ENABLE_MODULES = YES;
				CLANG_ENABLE_OBJC_ARC = YES;
				CLANG_ENABLE_OBJC_WEAK = YES;
				CLANG_WARN_BLOCK_CAPTURE_AUTORELEASING = YES;
				CLANG_WARN_BOOL_CONVERSION = YES;
				CLANG_WARN_COMMA = YES;
				CLANG_WARN_CONSTANT_CONVERSION = YES;
				CLANG_WARN_DEPRECATED_OBJC_IMPLEMENTATIONS = YES;
				CLANG_WARN_DIRECT_OBJC_ISA_USAGE = YES_ERROR;
				CLANG_WARN_DOCUMENTATION_COMMENTS = YES;
				CLANG_WARN_EMPTY_BODY = YES;
				CLANG_WARN_ENUM_CONVERSION = YES;
				CLANG_WARN_INFINITE_RECURSION = YES;
				CLANG_WARN_INT_CONVERSION = YES;
				CLANG_WARN_NON_LITERAL_NULL_CONVERSION = YES;
				CLANG_WARN_OBJC_IMPLICIT_RETAIN_SELF = YES;
				CLANG_WARN_OBJC_LITERAL_CONVERSION = YES;
				CLANG_WARN_OBJC_ROOT_CLASS = YES_ERROR;
				CLANG_WARN_QUOTED_INCLUDE_IN_FRAMEWORK_HEADER = YES;
				CLANG_WARN_RANGE_LOOP_ANALYSIS = YES;
				CLANG_WARN_STRICT_PROTOTYPES = YES;
				CLANG_WARN_SUSPICIOUS_MOVE = YES;
				CLANG_WARN_UNGUARDED_AVAILABILITY = YES_AGGRESSIVE;
				CLANG_WARN_UNREACHABLE_CODE = YES;
				CLANG_WARN__DUPLICATE_METHOD_MATCH = YES;
				COPY_PHASE_STRIP = NO;
				DEBUG_INFORMATION_FORMAT = "dwarf-with-dsym";
				ENABLE_NS_ASSERTIONS = NO;
				ENABLE_STRICT_OBJC_MSGSEND = YES;
				ENABLE_USER_SCRIPT_SANDBOXING = YES;
				GCC_C_LANGUAGE_STANDARD = gnu17;
				GCC_NO_COMMON_BLOCKS = YES;
				GCC_WARN_64_TO_32_BIT_CONVERSION = YES;
				GCC_WARN_ABOUT_RETURN_TYPE = YES_ERROR;
				GCC_WARN_UNDECLARED_SELECTOR = YES;
				GCC_WARN_UNINITIALIZED_AUTOS = YES_AGGRESSIVE;
				GCC_WARN_UNUSED_FUNCTION = YES;
				GCC_WARN_UNUSED_VARIABLE = YES;
				IPHONEOS_DEPLOYMENT_TARGET = 17.5;
				LOCALIZATION_PREFERS_STRING_CATALOGS = YES;
				MTL_ENABLE_DEBUG_INFO = NO;
				MTL_FAST_MATH = YES;
				SDKROOT = iphoneos;
				SWIFT_COMPILATION_MODE = wholemodule;
				VALIDATE_PRODUCT = YES;
			};
			name = Release;
		};
		11C9C3ED2E41C55100D5C7EF /* Debug */ = {
			isa = XCBuildConfiguration;
			buildSettings = {
				ASSETCATALOG_COMPILER_APPICON_NAME = AppIcon;
				ASSETCATALOG_COMPILER_GLOBAL_ACCENT_COLOR_NAME = AccentColor;
				CODE_SIGN_STYLE = Automatic;
				CURRENT_PROJECT_VERSION = 1;
				DEVELOPMENT_ASSET_PATHS = "\"FireTower/Preview Content\"";
				DEVELOPMENT_TEAM = UFNVWGWN9B;
				ENABLE_PREVIEWS = YES;
				GENERATE_INFOPLIST_FILE = NO;
				INFOPLIST_FILE = "$(SRCROOT)/FireTower/Info.plist";
				INFOPLIST_KEY_UIApplicationSceneManifest_Generation = YES;
				INFOPLIST_KEY_UIApplicationSupportsIndirectInputEvents = YES;
				INFOPLIST_KEY_UILaunchScreen_Generation = YES;
				INFOPLIST_KEY_UISupportedInterfaceOrientations = UIInterfaceOrientationPortrait;
				INFOPLIST_KEY_UISupportedInterfaceOrientations_iPad = "UIInterfaceOrientationLandscapeLeft UIInterfaceOrientationLandscapeRight UIInterfaceOrientationPortrait UIInterfaceOrientationPortraitUpsideDown";
				LD_RUNPATH_SEARCH_PATHS = (
					"$(inherited)",
					"@executable_path/Frameworks",
				);
				MARKETING_VERSION = 1.0;
				PRODUCT_BUNDLE_IDENTIFIER = com.nacerous.FireTower;
				PRODUCT_NAME = "$(TARGET_NAME)";
				SUPPORTED_PLATFORMS = "iphoneos iphonesimulator";
				SUPPORTS_MACCATALYST = NO;
				SUPPORTS_MAC_DESIGNED_FOR_IPHONE_IPAD = NO;
				SUPPORTS_XR_DESIGNED_FOR_IPHONE_IPAD = NO;
				SWIFT_EMIT_LOC_STRINGS = YES;
				SWIFT_VERSION = 5.0;
				TARGETED_DEVICE_FAMILY = 1;
			};
			name = Debug;
		};
		11C9C3EE2E41C55100D5C7EF /* Release */ = {
			isa = XCBuildConfiguration;
			buildSettings = {
				ASSETCATALOG_COMPILER_APPICON_NAME = AppIcon;
				ASSETCATALOG_COMPILER_GLOBAL_ACCENT_COLOR_NAME = AccentColor;
				CODE_SIGN_STYLE = Automatic;
				CURRENT_PROJECT_VERSION = 1;
				DEVELOPMENT_ASSET_PATHS = "\"FireTower/Preview Content\"";
				DEVELOPMENT_TEAM = UFNVWGWN9B;
				ENABLE_PREVIEWS = YES;
				GENERATE_INFOPLIST_FILE = NO;
				INFOPLIST_FILE = "$(SRCROOT)/FireTower/Info.plist";
				INFOPLIST_KEY_UIApplicationSceneManifest_Generation = YES;
				INFOPLIST_KEY_UIApplicationSupportsIndirectInputEvents = YES;
				INFOPLIST_KEY_UILaunchScreen_Generation = YES;
				INFOPLIST_KEY_UISupportedInterfaceOrientations = UIInterfaceOrientationPortrait;
				INFOPLIST_KEY_UISupportedInterfaceOrientations_iPad = "UIInterfaceOrientationLandscapeLeft UIInterfaceOrientationLandscapeRight UIInterfaceOrientationPortrait UIInterfaceOrientationPortraitUpsideDown";
				LD_RUNPATH_SEARCH_PATHS = (
					"$(inherited)",
					"@executable_path/Frameworks",
				);
				MARKETING_VERSION = 1.0;
				PRODUCT_BUNDLE_IDENTIFIER = com.nacerous.FireTower;
				PRODUCT_NAME = "$(TARGET_NAME)";
				SUPPORTED_PLATFORMS = "iphoneos iphonesimulator";
				SUPPORTS_MACCATALYST = NO;
				SUPPORTS_MAC_DESIGNED_FOR_IPHONE_IPAD = NO;
				SUPPORTS_XR_DESIGNED_FOR_IPHONE_IPAD = NO;
				SWIFT_EMIT_LOC_STRINGS = YES;
				SWIFT_VERSION = 5.0;
				TARGETED_DEVICE_FAMILY = 1;
			};
			name = Release;
		};
		11C9C3F02E41C55100D5C7EF /* Debug */ = {
			isa = XCBuildConfiguration;
			buildSettings = {
				ALWAYS_EMBED_SWIFT_STANDARD_LIBRARIES = YES;
				BUNDLE_LOADER = "$(TEST_HOST)";
				CODE_SIGN_STYLE = Automatic;
				CURRENT_PROJECT_VERSION = 1;
				DEVELOPMENT_TEAM = UFNVWGWN9B;
				GENERATE_INFOPLIST_FILE = YES;
				IPHONEOS_DEPLOYMENT_TARGET = 17.5;
				MARKETING_VERSION = 1.0;
				PRODUCT_BUNDLE_IDENTIFIER = com.nacerous.FireTowerTests;
				PRODUCT_NAME = "$(TARGET_NAME)";
				SWIFT_EMIT_LOC_STRINGS = NO;
				SWIFT_VERSION = 5.0;
				TARGETED_DEVICE_FAMILY = "1,2";
				TEST_HOST = "$(BUILT_PRODUCTS_DIR)/FireTower.app/$(BUNDLE_EXECUTABLE_FOLDER_PATH)/FireTower";
			};
			name = Debug;
		};
		11C9C3F12E41C55100D5C7EF /* Release */ = {
			isa = XCBuildConfiguration;
			buildSettings = {
				ALWAYS_EMBED_SWIFT_STANDARD_LIBRARIES = YES;
				BUNDLE_LOADER = "$(TEST_HOST)";
				CODE_SIGN_STYLE = Automatic;
				CURRENT_PROJECT_VERSION = 1;
				DEVELOPMENT_TEAM = UFNVWGWN9B;
				GENERATE_INFOPLIST_FILE = YES;
				IPHONEOS_DEPLOYMENT_TARGET = 17.5;
				MARKETING_VERSION = 1.0;
				PRODUCT_BUNDLE_IDENTIFIER = com.nacerous.FireTowerTests;
				PRODUCT_NAME = "$(TARGET_NAME)";
				SWIFT_EMIT_LOC_STRINGS = NO;
				SWIFT_VERSION = 5.0;
				TARGETED_DEVICE_FAMILY = "1,2";
				TEST_HOST = "$(BUILT_PRODUCTS_DIR)/FireTower.app/$(BUNDLE_EXECUTABLE_FOLDER_PATH)/FireTower";
			};
			name = Release;
		};
		11C9C3F32E41C55100D5C7EF /* Debug */ = {
			isa = XCBuildConfiguration;
			buildSettings = {
				ALWAYS_EMBED_SWIFT_STANDARD_LIBRARIES = YES;
				CODE_SIGN_STYLE = Automatic;
				CURRENT_PROJECT_VERSION = 1;
				DEVELOPMENT_TEAM = UFNVWGWN9B;
				GENERATE_INFOPLIST_FILE = YES;
				MARKETING_VERSION = 1.0;
				PRODUCT_BUNDLE_IDENTIFIER = com.nacerous.FireTowerUITests;
				PRODUCT_NAME = "$(TARGET_NAME)";
				SWIFT_EMIT_LOC_STRINGS = NO;
				SWIFT_VERSION = 5.0;
				TARGETED_DEVICE_FAMILY = "1,2";
				TEST_TARGET_NAME = FireTower;
			};
			name = Debug;
		};
		11C9C3F42E41C55100D5C7EF /* Release */ = {
			isa = XCBuildConfiguration;
			buildSettings = {
				ALWAYS_EMBED_SWIFT_STANDARD_LIBRARIES = YES;
				CODE_SIGN_STYLE = Automatic;
				CURRENT_PROJECT_VERSION = 1;
				DEVELOPMENT_TEAM = UFNVWGWN9B;
				GENERATE_INFOPLIST_FILE = YES;
				MARKETING_VERSION = 1.0;
				PRODUCT_BUNDLE_IDENTIFIER = com.nacerous.FireTowerUITests;
				PRODUCT_NAME = "$(TARGET_NAME)";
				SWIFT_EMIT_LOC_STRINGS = NO;
				SWIFT_VERSION = 5.0;
				TARGETED_DEVICE_FAMILY = "1,2";
				TEST_TARGET_NAME = FireTower;
			};
			name = Release;
		};
/* End XCBuildConfiguration section */

/* Begin XCConfigurationList section */
		11C9C3C32E41C54F00D5C7EF /* Build configuration list for PBXProject "FireTower" */ = {
			isa = XCConfigurationList;
			buildConfigurations = (
				11C9C3EA2E41C55100D5C7EF /* Debug */,
				11C9C3EB2E41C55100D5C7EF /* Release */,
			);
			defaultConfigurationIsVisible = 0;
			defaultConfigurationName = Release;
		};
		11C9C3EC2E41C55100D5C7EF /* Build configuration list for PBXNativeTarget "FireTower" */ = {
			isa = XCConfigurationList;
			buildConfigurations = (
				11C9C3ED2E41C55100D5C7EF /* Debug */,
				11C9C3EE2E41C55100D5C7EF /* Release */,
			);
			defaultConfigurationIsVisible = 0;
			defaultConfigurationName = Release;
		};
		11C9C3EF2E41C55100D5C7EF /* Build configuration list for PBXNativeTarget "FireTowerTests" */ = {
			isa = XCConfigurationList;
			buildConfigurations = (
				11C9C3F02E41C55100D5C7EF /* Debug */,
				11C9C3F12E41C55100D5C7EF /* Release */,
			);
			defaultConfigurationIsVisible = 0;
			defaultConfigurationName = Release;
		};
		11C9C3F22E41C55100D5C7EF /* Build configuration list for PBXNativeTarget "FireTowerUITests" */ = {
			isa = XCConfigurationList;
			buildConfigurations = (
				11C9C3F32E41C55100D5C7EF /* Debug */,
				11C9C3F42E41C55100D5C7EF /* Release */,
			);
			defaultConfigurationIsVisible = 0;
			defaultConfigurationName = Release;
		};
/* End XCConfigurationList section */
	};
	rootObject = 11C9C3C02E41C54F00D5C7EF /* Project object */;
}
